
Microsoft Visual Studio Solution File, Format Version 12.00
# Visual Studio Version 17
VisualStudioVersion = 17.14.36616.10 d17.14
MinimumVisualStudioVersion = 10.0.40219.1
Project("{FAE04EC0-301F-11D3-BF4B-00C04F79EFBC}") = "FourtitudeAspNet", "FourtitudeAspNet\FourtitudeAspNet.csproj", "{F7B88BF7-F248-451A-B06B-755967D1780A}"
EndProject
Global
	GlobalSection(SolutionConfigurationPlatforms) = preSolution
		Debug|Any CPU = Debug|Any CPU
		Release|Any CPU = Release|Any CPU
	EndGlobalSection
	GlobalSection(ProjectConfigurationPlatforms) = postSolution
		{F7B88BF7-F248-451A-B06B-755967D1780A}.Debug|Any CPU.ActiveCfg = Debug|Any CPU
		{F7B88BF7-F248-451A-B06B-755967D1780A}.Debug|Any CPU.Build.0 = Debug|Any CPU
		{F7B88BF7-F248-451A-B06B-755967D1780A}.Release|Any CPU.ActiveCfg = Release|Any CPU
		{F7B88BF7-F248-451A-B06B-755967D1780A}.Release|Any CPU.Build.0 = Release|Any CPU
	EndGlobalSection
	GlobalSection(SolutionProperties) = preSolution
		HideSolutionNode = FALSE
	EndGlobalSection
	GlobalSection(ExtensibilityGlobals) = postSolution
		SolutionGuid = {DE5E968B-79BC-4052-B696-8E5BEED2BEB5}
	EndGlobalSection
EndGlobal
